
Microsoft Visual Studio Solution File, Format Version 12.00
# Visual Studio 14
VisualStudioVersion = 14.0.25420.1
MinimumVisualStudioVersion = 10.0.40219.1
Project("{FAE04EC0-301F-11D3-BF4B-00C04F79EFBC}") = "AnThinhPhat.Entities", "TechOffice.Entities\AnThinhPhat.Entities.csproj", "{98BCA14E-3E24-4D33-9850-11336FD1D9CB}"
EndProject
Project("{FAE04EC0-301F-11D3-BF4B-00C04F79EFBC}") = "AnThinhPhat.Utilities", "TechOffice.Utility\AnThinhPhat.Utilities.csproj", "{4CADC24B-02F4-480E-B206-8076B4ED173B}"
EndProject
Project("{FAE04EC0-301F-11D3-BF4B-00C04F79EFBC}") = "AnThinhPhat.Services", "TechOffice.Services\AnThinhPhat.Services.csproj", "{4FF29C11-F209-4868-9863-385349D6AC46}"
EndProject
Project("{FAE04EC0-301F-11D3-BF4B-00C04F79EFBC}") = "AnThinhPhat.ViewModel", "TechOffice.ViewModel\AnThinhPhat.ViewModel.csproj", "{ACE7D8C9-986E-426E-B615-0ED5A8DE0BB5}"
EndProject
Project("{FAE04EC0-301F-11D3-BF4B-00C04F79EFBC}") = "AnThinhPhat.WebUI", "TechOffice.WebUI\AnThinhPhat.WebUI.csproj", "{D6B79901-9CA2-4163-B7D0-ACC351F5D8B2}"
EndProject
Project("{FAE04EC0-301F-11D3-BF4B-00C04F79EFBC}") = "AnThinhPhat.Controllers", "TechOffice.Controllers\AnThinhPhat.Controllers.csproj", "{FA0B5B18-D050-4A7C-915A-65E5C1E50A77}"
EndProject
Project("{FAE04EC0-301F-11D3-BF4B-00C04F79EFBC}") = "AnThinhPhat.Resources", "TechOffice.Resources\AnThinhPhat.Resources.csproj", "{CF553A82-9525-4CD4-8405-AEA027F5C097}"
EndProject
Project("{FAE04EC0-301F-11D3-BF4B-00C04F79EFBC}") = "WebAppViewer", "C:\Users\thientt\Downloads\WebAppViewer (1)\WebAppViewer\WebAppViewer.csproj", "{AC4D498C-653A-476A-9109-A87F29B0087C}"
EndProject
Project("{FAE04EC0-301F-11D3-BF4B-00C04F79EFBC}") = "ReportViewerForMvc", "C:\Users\thientt\Downloads\Compressed\ReportViewerForMvc-1.0.1\ReportViewerForMvc\ReportViewerForMvc.csproj", "{B7F6A951-ECE3-4BDD-BE20-0F7FFD944695}"
EndProject
Global
	GlobalSection(SolutionConfigurationPlatforms) = preSolution
		Debug|Any CPU = Debug|Any CPU
		Release|Any CPU = Release|Any CPU
	EndGlobalSection
	GlobalSection(ProjectConfigurationPlatforms) = postSolution
		{98BCA14E-3E24-4D33-9850-11336FD1D9CB}.Debug|Any CPU.ActiveCfg = Debug|Any CPU
		{98BCA14E-3E24-4D33-9850-11336FD1D9CB}.Debug|Any CPU.Build.0 = Debug|Any CPU
		{98BCA14E-3E24-4D33-9850-11336FD1D9CB}.Release|Any CPU.ActiveCfg = Release|Any CPU
		{98BCA14E-3E24-4D33-9850-11336FD1D9CB}.Release|Any CPU.Build.0 = Release|Any CPU
		{4CADC24B-02F4-480E-B206-8076B4ED173B}.Debug|Any CPU.ActiveCfg = Debug|Any CPU
		{4CADC24B-02F4-480E-B206-8076B4ED173B}.Debug|Any CPU.Build.0 = Debug|Any CPU
		{4CADC24B-02F4-480E-B206-8076B4ED173B}.Release|Any CPU.ActiveCfg = Release|Any CPU
		{4CADC24B-02F4-480E-B206-8076B4ED173B}.Release|Any CPU.Build.0 = Release|Any CPU
		{4FF29C11-F209-4868-9863-385349D6AC46}.Debug|Any CPU.ActiveCfg = Debug|Any CPU
		{4FF29C11-F209-4868-9863-385349D6AC46}.Debug|Any CPU.Build.0 = Debug|Any CPU
		{4FF29C11-F209-4868-9863-385349D6AC46}.Release|Any CPU.ActiveCfg = Release|Any CPU
		{4FF29C11-F209-4868-9863-385349D6AC46}.Release|Any CPU.Build.0 = Release|Any CPU
		{ACE7D8C9-986E-426E-B615-0ED5A8DE0BB5}.Debug|Any CPU.ActiveCfg = Debug|Any CPU
		{ACE7D8C9-986E-426E-B615-0ED5A8DE0BB5}.Debug|Any CPU.Build.0 = Debug|Any CPU
		{ACE7D8C9-986E-426E-B615-0ED5A8DE0BB5}.Release|Any CPU.ActiveCfg = Release|Any CPU
		{ACE7D8C9-986E-426E-B615-0ED5A8DE0BB5}.Release|Any CPU.Build.0 = Release|Any CPU
		{D6B79901-9CA2-4163-B7D0-ACC351F5D8B2}.Debug|Any CPU.ActiveCfg = Debug|Any CPU
		{D6B79901-9CA2-4163-B7D0-ACC351F5D8B2}.Debug|Any CPU.Build.0 = Debug|Any CPU
		{D6B79901-9CA2-4163-B7D0-ACC351F5D8B2}.Release|Any CPU.ActiveCfg = Release|Any CPU
		{D6B79901-9CA2-4163-B7D0-ACC351F5D8B2}.Release|Any CPU.Build.0 = Release|Any CPU
		{FA0B5B18-D050-4A7C-915A-65E5C1E50A77}.Debug|Any CPU.ActiveCfg = Debug|Any CPU
		{FA0B5B18-D050-4A7C-915A-65E5C1E50A77}.Debug|Any CPU.Build.0 = Debug|Any CPU
		{FA0B5B18-D050-4A7C-915A-65E5C1E50A77}.Release|Any CPU.ActiveCfg = Release|Any CPU
		{FA0B5B18-D050-4A7C-915A-65E5C1E50A77}.Release|Any CPU.Build.0 = Release|Any CPU
		{CF553A82-9525-4CD4-8405-AEA027F5C097}.Debug|Any CPU.ActiveCfg = Debug|Any CPU
		{CF553A82-9525-4CD4-8405-AEA027F5C097}.Debug|Any CPU.Build.0 = Debug|Any CPU
		{CF553A82-9525-4CD4-8405-AEA027F5C097}.Release|Any CPU.ActiveCfg = Release|Any CPU
		{CF553A82-9525-4CD4-8405-AEA027F5C097}.Release|Any CPU.Build.0 = Release|Any CPU
		{AC4D498C-653A-476A-9109-A87F29B0087C}.Debug|Any CPU.ActiveCfg = Debug|Any CPU
		{AC4D498C-653A-476A-9109-A87F29B0087C}.Debug|Any CPU.Build.0 = Debug|Any CPU
		{AC4D498C-653A-476A-9109-A87F29B0087C}.Release|Any CPU.ActiveCfg = Release|Any CPU
		{AC4D498C-653A-476A-9109-A87F29B0087C}.Release|Any CPU.Build.0 = Release|Any CPU
		{B7F6A951-ECE3-4BDD-BE20-0F7FFD944695}.Debug|Any CPU.ActiveCfg = Debug|Any CPU
		{B7F6A951-ECE3-4BDD-BE20-0F7FFD944695}.Debug|Any CPU.Build.0 = Debug|Any CPU
		{B7F6A951-ECE3-4BDD-BE20-0F7FFD944695}.Release|Any CPU.ActiveCfg = Release|Any CPU
		{B7F6A951-ECE3-4BDD-BE20-0F7FFD944695}.Release|Any CPU.Build.0 = Release|Any CPU
	EndGlobalSection
	GlobalSection(SolutionProperties) = preSolution
		HideSolutionNode = FALSE
	EndGlobalSection
EndGlobal
